
Microsoft Visual Studio Solution File, Format Version 12.00
# Visual Studio Version 17
VisualStudioVersion = 17.0.31903.59
MinimumVisualStudioVersion = 10.0.40219.1
Project("{FAE04EC0-301F-11D3-BF4B-00C04F79EFBC}") = "Trcrt", "Trcrt\Trcrt.csproj", "{B95FCA53-EC64-4685-BE37-73B3F816B213}"
EndProject
Project("{FAE04EC0-301F-11D3-BF4B-00C04F79EFBC}") = "HolePunching", "HolePunching\HolePunching.csproj", "{54987F39-B091-4E50-A248-8E07964EB4FC}"
EndProject
Global
	GlobalSection(SolutionConfigurationPlatforms) = preSolution
		Debug|Any CPU = Debug|Any CPU
		Debug|x64 = Debug|x64
		Debug|x86 = Debug|x86
		Release|Any CPU = Release|Any CPU
		Release|x64 = Release|x64
		Release|x86 = Release|x86
	EndGlobalSection
	GlobalSection(ProjectConfigurationPlatforms) = postSolution
		{B95FCA53-EC64-4685-BE37-73B3F816B213}.Debug|Any CPU.ActiveCfg = Debug|Any CPU
		{B95FCA53-EC64-4685-BE37-73B3F816B213}.Debug|Any CPU.Build.0 = Debug|Any CPU
		{B95FCA53-EC64-4685-BE37-73B3F816B213}.Debug|x64.ActiveCfg = Debug|Any CPU
		{B95FCA53-EC64-4685-BE37-73B3F816B213}.Debug|x64.Build.0 = Debug|Any CPU
		{B95FCA53-EC64-4685-BE37-73B3F816B213}.Debug|x86.ActiveCfg = Debug|Any CPU
		{B95FCA53-EC64-4685-BE37-73B3F816B213}.Debug|x86.Build.0 = Debug|Any CPU
		{B95FCA53-EC64-4685-BE37-73B3F816B213}.Release|Any CPU.ActiveCfg = Release|Any CPU
		{B95FCA53-EC64-4685-BE37-73B3F816B213}.Release|Any CPU.Build.0 = Release|Any CPU
		{B95FCA53-EC64-4685-BE37-73B3F816B213}.Release|x64.ActiveCfg = Release|Any CPU
		{B95FCA53-EC64-4685-BE37-73B3F816B213}.Release|x64.Build.0 = Release|Any CPU
		{B95FCA53-EC64-4685-BE37-73B3F816B213}.Release|x86.ActiveCfg = Release|Any CPU
		{B95FCA53-EC64-4685-BE37-73B3F816B213}.Release|x86.Build.0 = Release|Any CPU
		{54987F39-B091-4E50-A248-8E07964EB4FC}.Debug|Any CPU.ActiveCfg = Debug|Any CPU
		{54987F39-B091-4E50-A248-8E07964EB4FC}.Debug|Any CPU.Build.0 = Debug|Any CPU
		{54987F39-B091-4E50-A248-8E07964EB4FC}.Debug|x64.ActiveCfg = Debug|Any CPU
		{54987F39-B091-4E50-A248-8E07964EB4FC}.Debug|x64.Build.0 = Debug|Any CPU
		{54987F39-B091-4E50-A248-8E07964EB4FC}.Debug|x86.ActiveCfg = Debug|Any CPU
		{54987F39-B091-4E50-A248-8E07964EB4FC}.Debug|x86.Build.0 = Debug|Any CPU
		{54987F39-B091-4E50-A248-8E07964EB4FC}.Release|Any CPU.ActiveCfg = Release|Any CPU
		{54987F39-B091-4E50-A248-8E07964EB4FC}.Release|Any CPU.Build.0 = Release|Any CPU
		{54987F39-B091-4E50-A248-8E07964EB4FC}.Release|x64.ActiveCfg = Release|Any CPU
		{54987F39-B091-4E50-A248-8E07964EB4FC}.Release|x64.Build.0 = Release|Any CPU
		{54987F39-B091-4E50-A248-8E07964EB4FC}.Release|x86.ActiveCfg = Release|Any CPU
		{54987F39-B091-4E50-A248-8E07964EB4FC}.Release|x86.Build.0 = Release|Any CPU
	EndGlobalSection
	GlobalSection(SolutionProperties) = preSolution
		HideSolutionNode = FALSE
	EndGlobalSection
EndGlobal
